
Microsoft Visual Studio Solution File, Format Version 12.00
# Visual Studio 2012
Project("{FAE04EC0-301F-11D3-BF4B-00C04F79EFBC}") = "TypeDefinitionExtension", "TypeDefinitionExtension\TypeDefinitionExtension.csproj", "{8704E5F8-C6DC-4F7F-B1EC-6C940FC53742}"
EndProject
Global
	GlobalSection(SolutionConfigurationPlatforms) = preSolution
		Debug|Any CPU = Debug|Any CPU
		Release|Any CPU = Release|Any CPU
	EndGlobalSection
	GlobalSection(ProjectConfigurationPlatforms) = postSolution
		{8704E5F8-C6DC-4F7F-B1EC-6C940FC53742}.Debug|Any CPU.ActiveCfg = Debug|Any CPU
		{8704E5F8-C6DC-4F7F-B1EC-6C940FC53742}.Debug|Any CPU.Build.0 = Debug|Any CPU
		{8704E5F8-C6DC-4F7F-B1EC-6C940FC53742}.Release|Any CPU.ActiveCfg = Release|Any CPU
		{8704E5F8-C6DC-4F7F-B1EC-6C940FC53742}.Release|Any CPU.Build.0 = Release|Any CPU
	EndGlobalSection
	GlobalSection(SolutionProperties) = preSolution
		HideSolutionNode = FALSE
	EndGlobalSection
EndGlobal
